
Microsoft Visual Studio Solution File, Format Version 12.00
# Visual Studio Version 17
VisualStudioVersion = 17.3.32825.248
MinimumVisualStudioVersion = 10.0.40219.1
Project("{FAE04EC0-301F-11D3-BF4B-00C04F79EFBC}") = "Blog", "Blog\Blog.csproj", "{17A383F7-D4EE-48E5-A8BE-EBB512BF05BD}"
EndProject
Project("{FAE04EC0-301F-11D3-BF4B-00C04F79EFBC}") = "Utility", "Utility\Utility.csproj", "{456E0793-00D5-42F8-9639-E21764298843}"
EndProject
Project("{FAE04EC0-301F-11D3-BF4B-00C04F79EFBC}") = "Test", "Test\Test.csproj", "{AA8208B7-9BA8-4B67-8429-3251B2C671E7}"
EndProject
Project("{FAE04EC0-301F-11D3-BF4B-00C04F79EFBC}") = "TPL", "TPL\TPL.csproj", "{A833513B-3EFB-4E91-9D5E-7845E347E3EA}"
EndProject
Project("{FAE04EC0-301F-11D3-BF4B-00C04F79EFBC}") = "Algorithm", "Algorithm\Algorithm.csproj", "{58D010AA-E00A-4AF1-88CC-16D98111083A}"
EndProject
Project("{FAE04EC0-301F-11D3-BF4B-00C04F79EFBC}") = "GRPC_Client", "GRPC_Client\GRPC_Client.csproj", "{140785CA-3EEB-4C94-8AC0-C844031361F3}"
EndProject
Project("{FAE04EC0-301F-11D3-BF4B-00C04F79EFBC}") = "GRPC_Server", "GRPC_Server\GRPC_Server.csproj", "{D2821CE1-A4D6-46DE-92B8-0BEB0A705B56}"
EndProject
Project("{FAE04EC0-301F-11D3-BF4B-00C04F79EFBC}") = "ZMQ_Client", "ZMQ_Client\ZMQ_Client.csproj", "{2E15766D-3722-407C-8B68-21DD6890C0E2}"
EndProject
Project("{FAE04EC0-301F-11D3-BF4B-00C04F79EFBC}") = "ZMQ_Server", "ZMQ_Server\ZMQ_Server.csproj", "{7898792B-9E63-4C36-ACAC-3E97704995DC}"
EndProject
Project("{FAE04EC0-301F-11D3-BF4B-00C04F79EFBC}") = "ZMQ_Sink", "ZMQ_Sink\ZMQ_Sink.csproj", "{06921C70-F196-4F21-A603-9CE1FD541ED6}"
EndProject
Project("{FAE04EC0-301F-11D3-BF4B-00C04F79EFBC}") = "ZMQ_Ventilator", "ZMQ_Ventilator\ZMQ_Ventilator.csproj", "{51C587A4-C3E3-4561-94DB-A5AB7303038A}"
EndProject
Project("{FAE04EC0-301F-11D3-BF4B-00C04F79EFBC}") = "ZMQ_Worker", "ZMQ_Worker\ZMQ_Worker.csproj", "{7BA2EA8E-1F82-4EA3-A9C8-319DCB2E4928}"
EndProject
Project("{FAE04EC0-301F-11D3-BF4B-00C04F79EFBC}") = "IoC", "IoC\IoC.csproj", "{50A0F9AB-4733-496B-9A99-65AADEFFC42E}"
EndProject
Global
	GlobalSection(SolutionConfigurationPlatforms) = preSolution
		Debug|Any CPU = Debug|Any CPU
		Release|Any CPU = Release|Any CPU
	EndGlobalSection
	GlobalSection(ProjectConfigurationPlatforms) = postSolution
		{17A383F7-D4EE-48E5-A8BE-EBB512BF05BD}.Debug|Any CPU.ActiveCfg = Debug|Any CPU
		{17A383F7-D4EE-48E5-A8BE-EBB512BF05BD}.Debug|Any CPU.Build.0 = Debug|Any CPU
		{17A383F7-D4EE-48E5-A8BE-EBB512BF05BD}.Release|Any CPU.ActiveCfg = Release|Any CPU
		{17A383F7-D4EE-48E5-A8BE-EBB512BF05BD}.Release|Any CPU.Build.0 = Release|Any CPU
		{456E0793-00D5-42F8-9639-E21764298843}.Debug|Any CPU.ActiveCfg = Debug|Any CPU
		{456E0793-00D5-42F8-9639-E21764298843}.Debug|Any CPU.Build.0 = Debug|Any CPU
		{456E0793-00D5-42F8-9639-E21764298843}.Release|Any CPU.ActiveCfg = Release|Any CPU
		{456E0793-00D5-42F8-9639-E21764298843}.Release|Any CPU.Build.0 = Release|Any CPU
		{AA8208B7-9BA8-4B67-8429-3251B2C671E7}.Debug|Any CPU.ActiveCfg = Debug|Any CPU
		{AA8208B7-9BA8-4B67-8429-3251B2C671E7}.Debug|Any CPU.Build.0 = Debug|Any CPU
		{AA8208B7-9BA8-4B67-8429-3251B2C671E7}.Release|Any CPU.ActiveCfg = Release|Any CPU
		{AA8208B7-9BA8-4B67-8429-3251B2C671E7}.Release|Any CPU.Build.0 = Release|Any CPU
		{A833513B-3EFB-4E91-9D5E-7845E347E3EA}.Debug|Any CPU.ActiveCfg = Debug|Any CPU
		{A833513B-3EFB-4E91-9D5E-7845E347E3EA}.Debug|Any CPU.Build.0 = Debug|Any CPU
		{A833513B-3EFB-4E91-9D5E-7845E347E3EA}.Release|Any CPU.ActiveCfg = Release|Any CPU
		{A833513B-3EFB-4E91-9D5E-7845E347E3EA}.Release|Any CPU.Build.0 = Release|Any CPU
		{58D010AA-E00A-4AF1-88CC-16D98111083A}.Debug|Any CPU.ActiveCfg = Debug|Any CPU
		{58D010AA-E00A-4AF1-88CC-16D98111083A}.Debug|Any CPU.Build.0 = Debug|Any CPU
		{58D010AA-E00A-4AF1-88CC-16D98111083A}.Release|Any CPU.ActiveCfg = Release|Any CPU
		{58D010AA-E00A-4AF1-88CC-16D98111083A}.Release|Any CPU.Build.0 = Release|Any CPU
		{140785CA-3EEB-4C94-8AC0-C844031361F3}.Debug|Any CPU.ActiveCfg = Debug|Any CPU
		{140785CA-3EEB-4C94-8AC0-C844031361F3}.Debug|Any CPU.Build.0 = Debug|Any CPU
		{140785CA-3EEB-4C94-8AC0-C844031361F3}.Release|Any CPU.ActiveCfg = Release|Any CPU
		{140785CA-3EEB-4C94-8AC0-C844031361F3}.Release|Any CPU.Build.0 = Release|Any CPU
		{D2821CE1-A4D6-46DE-92B8-0BEB0A705B56}.Debug|Any CPU.ActiveCfg = Debug|Any CPU
		{D2821CE1-A4D6-46DE-92B8-0BEB0A705B56}.Debug|Any CPU.Build.0 = Debug|Any CPU
		{D2821CE1-A4D6-46DE-92B8-0BEB0A705B56}.Release|Any CPU.ActiveCfg = Release|Any CPU
		{D2821CE1-A4D6-46DE-92B8-0BEB0A705B56}.Release|Any CPU.Build.0 = Release|Any CPU
		{2E15766D-3722-407C-8B68-21DD6890C0E2}.Debug|Any CPU.ActiveCfg = Debug|Any CPU
		{2E15766D-3722-407C-8B68-21DD6890C0E2}.Debug|Any CPU.Build.0 = Debug|Any CPU
		{2E15766D-3722-407C-8B68-21DD6890C0E2}.Release|Any CPU.ActiveCfg = Release|Any CPU
		{2E15766D-3722-407C-8B68-21DD6890C0E2}.Release|Any CPU.Build.0 = Release|Any CPU
		{7898792B-9E63-4C36-ACAC-3E97704995DC}.Debug|Any CPU.ActiveCfg = Debug|Any CPU
		{7898792B-9E63-4C36-ACAC-3E97704995DC}.Debug|Any CPU.Build.0 = Debug|Any CPU
		{7898792B-9E63-4C36-ACAC-3E97704995DC}.Release|Any CPU.ActiveCfg = Release|Any CPU
		{7898792B-9E63-4C36-ACAC-3E97704995DC}.Release|Any CPU.Build.0 = Release|Any CPU
		{06921C70-F196-4F21-A603-9CE1FD541ED6}.Debug|Any CPU.ActiveCfg = Debug|Any CPU
		{06921C70-F196-4F21-A603-9CE1FD541ED6}.Debug|Any CPU.Build.0 = Debug|Any CPU
		{06921C70-F196-4F21-A603-9CE1FD541ED6}.Release|Any CPU.ActiveCfg = Release|Any CPU
		{06921C70-F196-4F21-A603-9CE1FD541ED6}.Release|Any CPU.Build.0 = Release|Any CPU
		{51C587A4-C3E3-4561-94DB-A5AB7303038A}.Debug|Any CPU.ActiveCfg = Debug|Any CPU
		{51C587A4-C3E3-4561-94DB-A5AB7303038A}.Debug|Any CPU.Build.0 = Debug|Any CPU
		{51C587A4-C3E3-4561-94DB-A5AB7303038A}.Release|Any CPU.ActiveCfg = Release|Any CPU
		{51C587A4-C3E3-4561-94DB-A5AB7303038A}.Release|Any CPU.Build.0 = Release|Any CPU
		{7BA2EA8E-1F82-4EA3-A9C8-319DCB2E4928}.Debug|Any CPU.ActiveCfg = Debug|Any CPU
		{7BA2EA8E-1F82-4EA3-A9C8-319DCB2E4928}.Debug|Any CPU.Build.0 = Debug|Any CPU
		{7BA2EA8E-1F82-4EA3-A9C8-319DCB2E4928}.Release|Any CPU.ActiveCfg = Release|Any CPU
		{7BA2EA8E-1F82-4EA3-A9C8-319DCB2E4928}.Release|Any CPU.Build.0 = Release|Any CPU
		{50A0F9AB-4733-496B-9A99-65AADEFFC42E}.Debug|Any CPU.ActiveCfg = Debug|Any CPU
		{50A0F9AB-4733-496B-9A99-65AADEFFC42E}.Debug|Any CPU.Build.0 = Debug|Any CPU
		{50A0F9AB-4733-496B-9A99-65AADEFFC42E}.Release|Any CPU.ActiveCfg = Release|Any CPU
		{50A0F9AB-4733-496B-9A99-65AADEFFC42E}.Release|Any CPU.Build.0 = Release|Any CPU
	EndGlobalSection
	GlobalSection(SolutionProperties) = preSolution
		HideSolutionNode = FALSE
	EndGlobalSection
	GlobalSection(ExtensibilityGlobals) = postSolution
		SolutionGuid = {52B2D990-0B45-4A62-9D0F-B8F15D610F06}
	EndGlobalSection
EndGlobal
